
Microsoft Visual Studio Solution File, Format Version 12.00
# Visual Studio Version 17
VisualStudioVersion = 17.14.36121.58 d17.14
MinimumVisualStudioVersion = 10.0.40219.1
Project("{FAE04EC0-301F-11D3-BF4B-00C04F79EFBC}") = "Distributor.de", "Distributor.de\Distributor.de.csproj", "{8FEBD94C-658D-4081-9006-01DCDAC94903}"
EndProject
Global
	GlobalSection(SolutionConfigurationPlatforms) = preSolution
		Debug|Any CPU = Debug|Any CPU
		Release|Any CPU = Release|Any CPU
	EndGlobalSection
	GlobalSection(ProjectConfigurationPlatforms) = postSolution
		{8FEBD94C-658D-4081-9006-01DCDAC94903}.Debug|Any CPU.ActiveCfg = Debug|Any CPU
		{8FEBD94C-658D-4081-9006-01DCDAC94903}.Debug|Any CPU.Build.0 = Debug|Any CPU
		{8FEBD94C-658D-4081-9006-01DCDAC94903}.Release|Any CPU.ActiveCfg = Release|Any CPU
		{8FEBD94C-658D-4081-9006-01DCDAC94903}.Release|Any CPU.Build.0 = Release|Any CPU
	EndGlobalSection
	GlobalSection(SolutionProperties) = preSolution
		HideSolutionNode = FALSE
	EndGlobalSection
	GlobalSection(ExtensibilityGlobals) = postSolution
		SolutionGuid = {BAD18B0B-A08E-4A2A-9462-F14E7FCD51C8}
	EndGlobalSection
EndGlobal
