
Microsoft Visual Studio Solution File, Format Version 12.00
# Visual Studio Version 17
VisualStudioVersion = 17.14.36221.1 d17.14
MinimumVisualStudioVersion = 10.0.40219.1
Project("{FAE04EC0-301F-11D3-BF4B-00C04F79EFBC}") = "GadgetCentralApi", "GadgetCentralApi\GadgetCentralApi.csproj", "{2290ABBC-CA75-48F5-BDF6-E3FA305DD73E}"
EndProject
Global
	GlobalSection(SolutionConfigurationPlatforms) = preSolution
		Debug|Any CPU = Debug|Any CPU
		Release|Any CPU = Release|Any CPU
	EndGlobalSection
	GlobalSection(ProjectConfigurationPlatforms) = postSolution
		{2290ABBC-CA75-48F5-BDF6-E3FA305DD73E}.Debug|Any CPU.ActiveCfg = Debug|Any CPU
		{2290ABBC-CA75-48F5-BDF6-E3FA305DD73E}.Debug|Any CPU.Build.0 = Debug|Any CPU
		{2290ABBC-CA75-48F5-BDF6-E3FA305DD73E}.Release|Any CPU.ActiveCfg = Release|Any CPU
		{2290ABBC-CA75-48F5-BDF6-E3FA305DD73E}.Release|Any CPU.Build.0 = Release|Any CPU
	EndGlobalSection
	GlobalSection(SolutionProperties) = preSolution
		HideSolutionNode = FALSE
	EndGlobalSection
	GlobalSection(ExtensibilityGlobals) = postSolution
		SolutionGuid = {33F6C515-8262-4BB3-8F48-C6B53679E9F1}
	EndGlobalSection
EndGlobal
