
Microsoft Visual Studio Solution File, Format Version 12.00
# Visual Studio Version 17
VisualStudioVersion = 17.14.36121.58 d17.14
MinimumVisualStudioVersion = 10.0.40219.1
Project("{FAE04EC0-301F-11D3-BF4B-00C04F79EFBC}") = "Seller.des", "Seller.des\Seller.des.csproj", "{CC70B793-FFE3-43C4-AD69-E2B1C7037FA1}"
EndProject
Global
	GlobalSection(SolutionConfigurationPlatforms) = preSolution
		Debug|Any CPU = Debug|Any CPU
		Release|Any CPU = Release|Any CPU
	EndGlobalSection
	GlobalSection(ProjectConfigurationPlatforms) = postSolution
		{CC70B793-FFE3-43C4-AD69-E2B1C7037FA1}.Debug|Any CPU.ActiveCfg = Debug|Any CPU
		{CC70B793-FFE3-43C4-AD69-E2B1C7037FA1}.Debug|Any CPU.Build.0 = Debug|Any CPU
		{CC70B793-FFE3-43C4-AD69-E2B1C7037FA1}.Release|Any CPU.ActiveCfg = Release|Any CPU
		{CC70B793-FFE3-43C4-AD69-E2B1C7037FA1}.Release|Any CPU.Build.0 = Release|Any CPU
	EndGlobalSection
	GlobalSection(SolutionProperties) = preSolution
		HideSolutionNode = FALSE
	EndGlobalSection
	GlobalSection(ExtensibilityGlobals) = postSolution
		SolutionGuid = {54F422D7-8641-4AA0-B1EB-339F50F3CA41}
	EndGlobalSection
EndGlobal
