
Microsoft Visual Studio Solution File, Format Version 12.00
# Visual Studio Version 17
VisualStudioVersion = 17.14.36221.1 d17.14
MinimumVisualStudioVersion = 10.0.40219.1
Project("{FAE04EC0-301F-11D3-BF4B-00C04F79EFBC}") = "ElectroComApi", "ElectroComApi\ElectroComApi.csproj", "{B45BF36C-2CCC-4370-AE10-14B1C77DD389}"
EndProject
Global
	GlobalSection(SolutionConfigurationPlatforms) = preSolution
		Debug|Any CPU = Debug|Any CPU
		Release|Any CPU = Release|Any CPU
	EndGlobalSection
	GlobalSection(ProjectConfigurationPlatforms) = postSolution
		{B45BF36C-2CCC-4370-AE10-14B1C77DD389}.Debug|Any CPU.ActiveCfg = Debug|Any CPU
		{B45BF36C-2CCC-4370-AE10-14B1C77DD389}.Debug|Any CPU.Build.0 = Debug|Any CPU
		{B45BF36C-2CCC-4370-AE10-14B1C77DD389}.Release|Any CPU.ActiveCfg = Release|Any CPU
		{B45BF36C-2CCC-4370-AE10-14B1C77DD389}.Release|Any CPU.Build.0 = Release|Any CPU
	EndGlobalSection
	GlobalSection(SolutionProperties) = preSolution
		HideSolutionNode = FALSE
	EndGlobalSection
	GlobalSection(ExtensibilityGlobals) = postSolution
		SolutionGuid = {EBA02796-1B0C-489F-8ECA-898CB0476418}
	EndGlobalSection
EndGlobal
